
Microsoft Visual Studio Solution File, Format Version 12.00
# Visual Studio Version 17
VisualStudioVersion = 17.1.32319.34
MinimumVisualStudioVersion = 10.0.40219.1
Project("{9A19103F-16F7-4668-BE54-9A1E7A4F7556}") = "BlazorWASMSerilog.Server", "BlazorWASMSerilog\Server\BlazorWASMSerilog.Server.csproj", "{AF0F3993-41C7-4428-AAE6-F2B3AA18518E}"
EndProject
Project("{9A19103F-16F7-4668-BE54-9A1E7A4F7556}") = "BlazorWASMSerilog.Client", "BlazorWASMSerilog\Client\BlazorWASMSerilog.Client.csproj", "{F7E8F0DB-1E37-453F-A51E-E4B576B11BC4}"
EndProject
Project("{9A19103F-16F7-4668-BE54-9A1E7A4F7556}") = "BlazorWASMSerilog.Shared", "BlazorWASMSerilog\Shared\BlazorWASMSerilog.Shared.csproj", "{3CE87D9B-D0C2-4D5F-A205-9120DDB407C9}"
EndProject
Project("{E53339B2-1760-4266-BCC7-CA923CBCF16C}") = "docker-compose", "docker-compose.dcproj", "{806A9CAE-FF4F-493C-83CE-2CF414E812E4}"
EndProject
Global
	GlobalSection(SolutionConfigurationPlatforms) = preSolution
		Debug|Any CPU = Debug|Any CPU
		Release|Any CPU = Release|Any CPU
	EndGlobalSection
	GlobalSection(ProjectConfigurationPlatforms) = postSolution
		{AF0F3993-41C7-4428-AAE6-F2B3AA18518E}.Debug|Any CPU.ActiveCfg = Debug|Any CPU
		{AF0F3993-41C7-4428-AAE6-F2B3AA18518E}.Debug|Any CPU.Build.0 = Debug|Any CPU
		{AF0F3993-41C7-4428-AAE6-F2B3AA18518E}.Release|Any CPU.ActiveCfg = Release|Any CPU
		{AF0F3993-41C7-4428-AAE6-F2B3AA18518E}.Release|Any CPU.Build.0 = Release|Any CPU
		{F7E8F0DB-1E37-453F-A51E-E4B576B11BC4}.Debug|Any CPU.ActiveCfg = Debug|Any CPU
		{F7E8F0DB-1E37-453F-A51E-E4B576B11BC4}.Debug|Any CPU.Build.0 = Debug|Any CPU
		{F7E8F0DB-1E37-453F-A51E-E4B576B11BC4}.Release|Any CPU.ActiveCfg = Release|Any CPU
		{F7E8F0DB-1E37-453F-A51E-E4B576B11BC4}.Release|Any CPU.Build.0 = Release|Any CPU
		{3CE87D9B-D0C2-4D5F-A205-9120DDB407C9}.Debug|Any CPU.ActiveCfg = Debug|Any CPU
		{3CE87D9B-D0C2-4D5F-A205-9120DDB407C9}.Debug|Any CPU.Build.0 = Debug|Any CPU
		{3CE87D9B-D0C2-4D5F-A205-9120DDB407C9}.Release|Any CPU.ActiveCfg = Release|Any CPU
		{3CE87D9B-D0C2-4D5F-A205-9120DDB407C9}.Release|Any CPU.Build.0 = Release|Any CPU
		{806A9CAE-FF4F-493C-83CE-2CF414E812E4}.Debug|Any CPU.ActiveCfg = Debug|Any CPU
		{806A9CAE-FF4F-493C-83CE-2CF414E812E4}.Debug|Any CPU.Build.0 = Debug|Any CPU
		{806A9CAE-FF4F-493C-83CE-2CF414E812E4}.Release|Any CPU.ActiveCfg = Release|Any CPU
		{806A9CAE-FF4F-493C-83CE-2CF414E812E4}.Release|Any CPU.Build.0 = Release|Any CPU
	EndGlobalSection
	GlobalSection(SolutionProperties) = preSolution
		HideSolutionNode = FALSE
	EndGlobalSection
	GlobalSection(ExtensibilityGlobals) = postSolution
		SolutionGuid = {10D0C110-D536-4B0A-839B-FF6341BC1A58}
	EndGlobalSection
EndGlobal
